// !$*UTF8*$!
{
	archiveVersion = 1;
	classes = {
	};
	objectVersion = 50;
	objects = {

/* Begin PBXBuildFile section */
		876BD484261170C800E8F845 /* AppDelegate.swift in Sources */ = {isa = PBXBuildFile; fileRef = 876BD483261170C800E8F845 /* AppDelegate.swift */; };
		876BD486261170C800E8F845 /* SceneDelegate.swift in Sources */ = {isa = PBXBuildFile; fileRef = 876BD485261170C800E8F845 /* SceneDelegate.swift */; };
		876BD48B261170C800E8F845 /* Main.storyboard in Resources */ = {isa = PBXBuildFile; fileRef = 876BD489261170C800E8F845 /* Main.storyboard */; };
		876BD48D261170CB00E8F845 /* Assets.xcassets in Resources */ = {isa = PBXBuildFile; fileRef = 876BD48C261170CB00E8F845 /* Assets.xcassets */; };
		876BD490261170CB00E8F845 /* LaunchScreen.storyboard in Resources */ = {isa = PBXBuildFile; fileRef = 876BD48E261170CB00E8F845 /* LaunchScreen.storyboard */; };
		876BD49B261170CB00E8F845 /* NumiParisTaskTests.swift in Sources */ = {isa = PBXBuildFile; fileRef = 876BD49A261170CB00E8F845 /* NumiParisTaskTests.swift */; };
		876BD4A6261170CC00E8F845 /* NumiParisTaskUITests.swift in Sources */ = {isa = PBXBuildFile; fileRef = 876BD4A5261170CC00E8F845 /* NumiParisTaskUITests.swift */; };
		876BD4B7261170F400E8F845 /* UpcomingViewController.swift in Sources */ = {isa = PBXBuildFile; fileRef = 876BD4B6261170F400E8F845 /* UpcomingViewController.swift */; };
		876BD4BC2611711100E8F845 /* TopRatedViewController.swift in Sources */ = {isa = PBXBuildFile; fileRef = 876BD4BB2611711100E8F845 /* TopRatedViewController.swift */; };
		87F6E91326118D050041E2A0 /* UpcomingCell.swift in Sources */ = {isa = PBXBuildFile; fileRef = 87F6E91226118D050041E2A0 /* UpcomingCell.swift */; };
		87F6E91826119B560041E2A0 /* TopRatedCell.swift in Sources */ = {isa = PBXBuildFile; fileRef = 87F6E91726119B560041E2A0 /* TopRatedCell.swift */; };
		87F6E9232611BADC0041E2A0 /* DetailViewController.swift in Sources */ = {isa = PBXBuildFile; fileRef = 87F6E9222611BADC0041E2A0 /* DetailViewController.swift */; };
		87F6E9292611CC320041E2A0 /* DataModel.swift in Sources */ = {isa = PBXBuildFile; fileRef = 87F6E9282611CC320041E2A0 /* DataModel.swift */; };
		87F6E9332611CCC00041E2A0 /* UpcomingVM.swift in Sources */ = {isa = PBXBuildFile; fileRef = 87F6E9322611CCC00041E2A0 /* UpcomingVM.swift */; };
		87F6E93E2611D2BE0041E2A0 /* TopRatedVM.swift in Sources */ = {isa = PBXBuildFile; fileRef = 87F6E93D2611D2BE0041E2A0 /* TopRatedVM.swift */; };
		87F6E94A2611D6710041E2A0 /* NetworkReachability.swift in Sources */ = {isa = PBXBuildFile; fileRef = 87F6E9492611D6710041E2A0 /* NetworkReachability.swift */; };
		87F6E9552611F21E0041E2A0 /* ConfigurationVM.swift in Sources */ = {isa = PBXBuildFile; fileRef = 87F6E9542611F21E0041E2A0 /* ConfigurationVM.swift */; };
/* End PBXBuildFile section */

/* Begin PBXContainerItemProxy section */
		876BD497261170CB00E8F845 /* PBXContainerItemProxy */ = {
			isa = PBXContainerItemProxy;
			containerPortal = 876BD478261170C700E8F845 /* Project object */;
			proxyType = 1;
			remoteGlobalIDString = 876BD47F261170C800E8F845;
			remoteInfo = NumiParisTask;
		};
		876BD4A2261170CC00E8F845 /* PBXContainerItemProxy */ = {
			isa = PBXContainerItemProxy;
			containerPortal = 876BD478261170C700E8F845 /* Project object */;
			proxyType = 1;
			remoteGlobalIDString = 876BD47F261170C800E8F845;
			remoteInfo = NumiParisTask;
		};
/* End PBXContainerItemProxy section */

/* Begin PBXFileReference section */
		876BD480261170C800E8F845 /* NumiParisTask.app */ = {isa = PBXFileReference; explicitFileType = wrapper.application; includeInIndex = 0; path = NumiParisTask.app; sourceTree = BUILT_PRODUCTS_DIR; };
		876BD483261170C800E8F845 /* AppDelegate.swift */ = {isa = PBXFileReference; lastKnownFileType = sourcecode.swift; path = AppDelegate.swift; sourceTree = "<group>"; };
		876BD485261170C800E8F845 /* SceneDelegate.swift */ = {isa = PBXFileReference; lastKnownFileType = sourcecode.swift; path = SceneDelegate.swift; sourceTree = "<group>"; };
		876BD48A261170C800E8F845 /* Base */ = {isa = PBXFileReference; lastKnownFileType = file.storyboard; name = Base; path = Base.lproj/Main.storyboard; sourceTree = "<group>"; };
		876BD48C261170CB00E8F845 /* Assets.xcassets */ = {isa = PBXFileReference; lastKnownFileType = folder.assetcatalog; path = Assets.xcassets; sourceTree = "<group>"; };
		876BD48F261170CB00E8F845 /* Base */ = {isa = PBXFileReference; lastKnownFileType = file.storyboard; name = Base; path = Base.lproj/LaunchScreen.storyboard; sourceTree = "<group>"; };
		876BD491261170CB00E8F845 /* Info.plist */ = {isa = PBXFileReference; lastKnownFileType = text.plist.xml; path = Info.plist; sourceTree = "<group>"; };
		876BD496261170CB00E8F845 /* NumiParisTaskTests.xctest */ = {isa = PBXFileReference; explicitFileType = wrapper.cfbundle; includeInIndex = 0; path = NumiParisTaskTests.xctest; sourceTree = BUILT_PRODUCTS_DIR; };
		876BD49A261170CB00E8F845 /* NumiParisTaskTests.swift */ = {isa = PBXFileReference; lastKnownFileType = sourcecode.swift; path = NumiParisTaskTests.swift; sourceTree = "<group>"; };
		876BD49C261170CB00E8F845 /* Info.plist */ = {isa = PBXFileReference; lastKnownFileType = text.plist.xml; path = Info.plist; sourceTree = "<group>"; };
		876BD4A1261170CC00E8F845 /* NumiParisTaskUITests.xctest */ = {isa = PBXFileReference; explicitFileType = wrapper.cfbundle; includeInIndex = 0; path = NumiParisTaskUITests.xctest; sourceTree = BUILT_PRODUCTS_DIR; };
		876BD4A5261170CC00E8F845 /* NumiParisTaskUITests.swift */ = {isa = PBXFileReference; lastKnownFileType = sourcecode.swift; path = NumiParisTaskUITests.swift; sourceTree = "<group>"; };
		876BD4A7261170CC00E8F845 /* Info.plist */ = {isa = PBXFileReference; lastKnownFileType = text.plist.xml; path = Info.plist; sourceTree = "<group>"; };
		876BD4B6261170F400E8F845 /* UpcomingViewController.swift */ = {isa = PBXFileReference; lastKnownFileType = sourcecode.swift; path = UpcomingViewController.swift; sourceTree = "<group>"; };
		876BD4BB2611711100E8F845 /* TopRatedViewController.swift */ = {isa = PBXFileReference; lastKnownFileType = sourcecode.swift; path = TopRatedViewController.swift; sourceTree = "<group>"; };
		87F6E91226118D050041E2A0 /* UpcomingCell.swift */ = {isa = PBXFileReference; lastKnownFileType = sourcecode.swift; path = UpcomingCell.swift; sourceTree = "<group>"; };
		87F6E91726119B560041E2A0 /* TopRatedCell.swift */ = {isa = PBXFileReference; lastKnownFileType = sourcecode.swift; path = TopRatedCell.swift; sourceTree = "<group>"; };
		87F6E9222611BADC0041E2A0 /* DetailViewController.swift */ = {isa = PBXFileReference; lastKnownFileType = sourcecode.swift; path = DetailViewController.swift; sourceTree = "<group>"; };
		87F6E9282611CC320041E2A0 /* DataModel.swift */ = {isa = PBXFileReference; lastKnownFileType = sourcecode.swift; path = DataModel.swift; sourceTree = "<group>"; };
		87F6E9322611CCC00041E2A0 /* UpcomingVM.swift */ = {isa = PBXFileReference; lastKnownFileType = sourcecode.swift; path = UpcomingVM.swift; sourceTree = "<group>"; };
		87F6E93D2611D2BE0041E2A0 /* TopRatedVM.swift */ = {isa = PBXFileReference; lastKnownFileType = sourcecode.swift; path = TopRatedVM.swift; sourceTree = "<group>"; };
		87F6E9492611D6710041E2A0 /* NetworkReachability.swift */ = {isa = PBXFileReference; lastKnownFileType = sourcecode.swift; path = NetworkReachability.swift; sourceTree = "<group>"; };
		87F6E9542611F21E0041E2A0 /* ConfigurationVM.swift */ = {isa = PBXFileReference; lastKnownFileType = sourcecode.swift; path = ConfigurationVM.swift; sourceTree = "<group>"; };
/* End PBXFileReference section */

/* Begin PBXFrameworksBuildPhase section */
		876BD47D261170C800E8F845 /* Frameworks */ = {
			isa = PBXFrameworksBuildPhase;
			buildActionMask = 2147483647;
			files = (
			);
			runOnlyForDeploymentPostprocessing = 0;
		};
		876BD493261170CB00E8F845 /* Frameworks */ = {
			isa = PBXFrameworksBuildPhase;
			buildActionMask = 2147483647;
			files = (
			);
			runOnlyForDeploymentPostprocessing = 0;
		};
		876BD49E261170CC00E8F845 /* Frameworks */ = {
			isa = PBXFrameworksBuildPhase;
			buildActionMask = 2147483647;
			files = (
			);
			runOnlyForDeploymentPostprocessing = 0;
		};
/* End PBXFrameworksBuildPhase section */

/* Begin PBXGroup section */
		876BD477261170C700E8F845 = {
			isa = PBXGroup;
			children = (
				876BD482261170C800E8F845 /* NumiParisTask */,
				876BD499261170CB00E8F845 /* NumiParisTaskTests */,
				876BD4A4261170CC00E8F845 /* NumiParisTaskUITests */,
				876BD481261170C800E8F845 /* Products */,
			);
			sourceTree = "<group>";
		};
		876BD481261170C800E8F845 /* Products */ = {
			isa = PBXGroup;
			children = (
				876BD480261170C800E8F845 /* NumiParisTask.app */,
				876BD496261170CB00E8F845 /* NumiParisTaskTests.xctest */,
				876BD4A1261170CC00E8F845 /* NumiParisTaskUITests.xctest */,
			);
			name = Products;
			sourceTree = "<group>";
		};
		876BD482261170C800E8F845 /* NumiParisTask */ = {
			isa = PBXGroup;
			children = (
				87F6E9272611CBF20041E2A0 /* Model */,
				87F6E9312611CC810041E2A0 /* ViewModel */,
				87F6E9602611F9290041E2A0 /* View */,
				87F6E95F2611F9050041E2A0 /* Controller */,
				87F6E9482611D6350041E2A0 /* Helper */,
				876BD483261170C800E8F845 /* AppDelegate.swift */,
				876BD485261170C800E8F845 /* SceneDelegate.swift */,
				876BD48C261170CB00E8F845 /* Assets.xcassets */,
				876BD491261170CB00E8F845 /* Info.plist */,
			);
			path = NumiParisTask;
			sourceTree = "<group>";
		};
		876BD499261170CB00E8F845 /* NumiParisTaskTests */ = {
			isa = PBXGroup;
			children = (
				876BD49A261170CB00E8F845 /* NumiParisTaskTests.swift */,
				876BD49C261170CB00E8F845 /* Info.plist */,
			);
			path = NumiParisTaskTests;
			sourceTree = "<group>";
		};
		876BD4A4261170CC00E8F845 /* NumiParisTaskUITests */ = {
			isa = PBXGroup;
			children = (
				876BD4A5261170CC00E8F845 /* NumiParisTaskUITests.swift */,
				876BD4A7261170CC00E8F845 /* Info.plist */,
			);
			path = NumiParisTaskUITests;
			sourceTree = "<group>";
		};
		87F6E9272611CBF20041E2A0 /* Model */ = {
			isa = PBXGroup;
			children = (
				87F6E9282611CC320041E2A0 /* DataModel.swift */,
			);
			path = Model;
			sourceTree = "<group>";
		};
		87F6E9312611CC810041E2A0 /* ViewModel */ = {
			isa = PBXGroup;
			children = (
				87F6E9322611CCC00041E2A0 /* UpcomingVM.swift */,
				87F6E93D2611D2BE0041E2A0 /* TopRatedVM.swift */,
				87F6E9542611F21E0041E2A0 /* ConfigurationVM.swift */,
			);
			path = ViewModel;
			sourceTree = "<group>";
		};
		87F6E9482611D6350041E2A0 /* Helper */ = {
			isa = PBXGroup;
			children = (
				87F6E9492611D6710041E2A0 /* NetworkReachability.swift */,
			);
			path = Helper;
			sourceTree = "<group>";
		};
		87F6E95F2611F9050041E2A0 /* Controller */ = {
			isa = PBXGroup;
			children = (
				876BD4B6261170F400E8F845 /* UpcomingViewController.swift */,
				876BD4BB2611711100E8F845 /* TopRatedViewController.swift */,
				87F6E9222611BADC0041E2A0 /* DetailViewController.swift */,
				87F6E91226118D050041E2A0 /* UpcomingCell.swift */,
				87F6E91726119B560041E2A0 /* TopRatedCell.swift */,
			);
			path = Controller;
			sourceTree = "<group>";
		};
		87F6E9602611F9290041E2A0 /* View */ = {
			isa = PBXGroup;
			children = (
				876BD489261170C800E8F845 /* Main.storyboard */,
				876BD48E261170CB00E8F845 /* LaunchScreen.storyboard */,
			);
			path = View;
			sourceTree = "<group>";
		};
/* End PBXGroup section */

/* Begin PBXNativeTarget section */
		876BD47F261170C800E8F845 /* NumiParisTask */ = {
			isa = PBXNativeTarget;
			buildConfigurationList = 876BD4AA261170CC00E8F845 /* Build configuration list for PBXNativeTarget "NumiParisTask" */;
			buildPhases = (
				876BD47C261170C800E8F845 /* Sources */,
				876BD47D261170C800E8F845 /* Frameworks */,
				876BD47E261170C800E8F845 /* Resources */,
			);
			buildRules = (
			);
			dependencies = (
			);
			name = NumiParisTask;
			productName = NumiParisTask;
			productReference = 876BD480261170C800E8F845 /* NumiParisTask.app */;
			productType = "com.apple.product-type.application";
		};
		876BD495261170CB00E8F845 /* NumiParisTaskTests */ = {
			isa = PBXNativeTarget;
			buildConfigurationList = 876BD4AD261170CC00E8F845 /* Build configuration list for PBXNativeTarget "NumiParisTaskTests" */;
			buildPhases = (
				876BD492261170CB00E8F845 /* Sources */,
				876BD493261170CB00E8F845 /* Frameworks */,
				876BD494261170CB00E8F845 /* Resources */,
			);
			buildRules = (
			);
			dependencies = (
				876BD498261170CB00E8F845 /* PBXTargetDependency */,
			);
			name = NumiParisTaskTests;
			productName = NumiParisTaskTests;
			productReference = 876BD496261170CB00E8F845 /* NumiParisTaskTests.xctest */;
			productType = "com.apple.product-type.bundle.unit-test";
		};
		876BD4A0261170CC00E8F845 /* NumiParisTaskUITests */ = {
			isa = PBXNativeTarget;
			buildConfigurationList = 876BD4B0261170CC00E8F845 /* Build configuration list for PBXNativeTarget "NumiParisTaskUITests" */;
			buildPhases = (
				876BD49D261170CC00E8F845 /* Sources */,
				876BD49E261170CC00E8F845 /* Frameworks */,
				876BD49F261170CC00E8F845 /* Resources */,
			);
			buildRules = (
			);
			dependencies = (
				876BD4A3261170CC00E8F845 /* PBXTargetDependency */,
			);
			name = NumiParisTaskUITests;
			productName = NumiParisTaskUITests;
			productReference = 876BD4A1261170CC00E8F845 /* NumiParisTaskUITests.xctest */;
			productType = "com.apple.product-type.bundle.ui-testing";
		};
/* End PBXNativeTarget section */

/* Begin PBXProject section */
		876BD478261170C700E8F845 /* Project object */ = {
			isa = PBXProject;
			attributes = {
				LastSwiftUpdateCheck = 1210;
				LastUpgradeCheck = 1210;
				TargetAttributes = {
					876BD47F261170C800E8F845 = {
						CreatedOnToolsVersion = 12.1;
					};
					876BD495261170CB00E8F845 = {
						CreatedOnToolsVersion = 12.1;
						TestTargetID = 876BD47F261170C800E8F845;
					};
					876BD4A0261170CC00E8F845 = {
						CreatedOnToolsVersion = 12.1;
						TestTargetID = 876BD47F261170C800E8F845;
					};
				};
			};
			buildConfigurationList = 876BD47B261170C700E8F845 /* Build configuration list for PBXProject "NumiParisTask" */;
			compatibilityVersion = "Xcode 9.3";
			developmentRegion = en;
			hasScannedForEncodings = 0;
			knownRegions = (
				en,
				Base,
			);
			mainGroup = 876BD477261170C700E8F845;
			productRefGroup = 876BD481261170C800E8F845 /* Products */;
			projectDirPath = "";
			projectRoot = "";
			targets = (
				876BD47F261170C800E8F845 /* NumiParisTask */,
				876BD495261170CB00E8F845 /* NumiParisTaskTests */,
				876BD4A0261170CC00E8F845 /* NumiParisTaskUITests */,
			);
		};
/* End PBXProject section */

/* Begin PBXResourcesBuildPhase section */
		876BD47E261170C800E8F845 /* Resources */ = {
			isa = PBXResourcesBuildPhase;
			buildActionMask = 2147483647;
			files = (
				876BD490261170CB00E8F845 /* LaunchScreen.storyboard in Resources */,
				876BD48D261170CB00E8F845 /* Assets.xcassets in Resources */,
				876BD48B261170C800E8F845 /* Main.storyboard in Resources */,
			);
			runOnlyForDeploymentPostprocessing = 0;
		};
		876BD494261170CB00E8F845 /* Resources */ = {
			isa = PBXResourcesBuildPhase;
			buildActionMask = 2147483647;
			files = (
			);
			runOnlyForDeploymentPostprocessing = 0;
		};
		876BD49F261170CC00E8F845 /* Resources */ = {
			isa = PBXResourcesBuildPhase;
			buildActionMask = 2147483647;
			files = (
			);
			runOnlyForDeploymentPostprocessing = 0;
		};
/* End PBXResourcesBuildPhase section */

/* Begin PBXSourcesBuildPhase section */
		876BD47C261170C800E8F845 /* Sources */ = {
			isa = PBXSourcesBuildPhase;
			buildActionMask = 2147483647;
			files = (
				87F6E94A2611D6710041E2A0 /* NetworkReachability.swift in Sources */,
				876BD4B7261170F400E8F845 /* UpcomingViewController.swift in Sources */,
				87F6E91326118D050041E2A0 /* UpcomingCell.swift in Sources */,
				87F6E9552611F21E0041E2A0 /* ConfigurationVM.swift in Sources */,
				876BD484261170C800E8F845 /* AppDelegate.swift in Sources */,
				87F6E93E2611D2BE0041E2A0 /* TopRatedVM.swift in Sources */,
				876BD486261170C800E8F845 /* SceneDelegate.swift in Sources */,
				87F6E9332611CCC00041E2A0 /* UpcomingVM.swift in Sources */,
				87F6E91826119B560041E2A0 /* TopRatedCell.swift in Sources */,
				87F6E9292611CC320041E2A0 /* DataModel.swift in Sources */,
				876BD4BC2611711100E8F845 /* TopRatedViewController.swift in Sources */,
				87F6E9232611BADC0041E2A0 /* DetailViewController.swift in Sources */,
			);
			runOnlyForDeploymentPostprocessing = 0;
		};
		876BD492261170CB00E8F845 /* Sources */ = {
			isa = PBXSourcesBuildPhase;
			buildActionMask = 2147483647;
			files = (
				876BD49B261170CB00E8F845 /* NumiParisTaskTests.swift in Sources */,
			);
			runOnlyForDeploymentPostprocessing = 0;
		};
		876BD49D261170CC00E8F845 /* Sources */ = {
			isa = PBXSourcesBuildPhase;
			buildActionMask = 2147483647;
			files = (
				876BD4A6261170CC00E8F845 /* NumiParisTaskUITests.swift in Sources */,
			);
			runOnlyForDeploymentPostprocessing = 0;
		};
/* End PBXSourcesBuildPhase section */

/* Begin PBXTargetDependency section */
		876BD498261170CB00E8F845 /* PBXTargetDependency */ = {
			isa = PBXTargetDependency;
			target = 876BD47F261170C800E8F845 /* NumiParisTask */;
			targetProxy = 876BD497261170CB00E8F845 /* PBXContainerItemProxy */;
		};
		876BD4A3261170CC00E8F845 /* PBXTargetDependency */ = {
			isa = PBXTargetDependency;
			target = 876BD47F261170C800E8F845 /* NumiParisTask */;
			targetProxy = 876BD4A2261170CC00E8F845 /* PBXContainerItemProxy */;
		};
/* End PBXTargetDependency section */

/* Begin PBXVariantGroup section */
		876BD489261170C800E8F845 /* Main.storyboard */ = {
			isa = PBXVariantGroup;
			children = (
				876BD48A261170C800E8F845 /* Base */,
			);
			name = Main.storyboard;
			sourceTree = "<group>";
		};
		876BD48E261170CB00E8F845 /* LaunchScreen.storyboard */ = {
			isa = PBXVariantGroup;
			children = (
				876BD48F261170CB00E8F845 /* Base */,
			);
			name = LaunchScreen.storyboard;
			sourceTree = "<group>";
		};
/* End PBXVariantGroup section */

/* Begin XCBuildConfiguration section */
		876BD4A8261170CC00E8F845 /* Debug */ = {
			isa = XCBuildConfiguration;
			buildSettings = {
				ALWAYS_SEARCH_USER_PATHS = NO;
				CLANG_ANALYZER_NONNULL = YES;
				CLANG_ANALYZER_NUMBER_OBJECT_CONVERSION = YES_AGGRESSIVE;
				CLANG_CXX_LANGUAGE_STANDARD = "gnu++14";
				CLANG_CXX_LIBRARY = "libc++";
				CLANG_ENABLE_MODULES = YES;
				CLANG_ENABLE_OBJC_ARC = YES;
				CLANG_ENABLE_OBJC_WEAK = YES;
				CLANG_WARN_BLOCK_CAPTURE_AUTORELEASING = YES;
				CLANG_WARN_BOOL_CONVERSION = YES;
				CLANG_WARN_COMMA = YES;
				CLANG_WARN_CONSTANT_CONVERSION = YES;
				CLANG_WARN_DEPRECATED_OBJC_IMPLEMENTATIONS = YES;
				CLANG_WARN_DIRECT_OBJC_ISA_USAGE = YES_ERROR;
				CLANG_WARN_DOCUMENTATION_COMMENTS = YES;
				CLANG_WARN_EMPTY_BODY = YES;
				CLANG_WARN_ENUM_CONVERSION = YES;
				CLANG_WARN_INFINITE_RECURSION = YES;
				CLANG_WARN_INT_CONVERSION = YES;
				CLANG_WARN_NON_LITERAL_NULL_CONVERSION = YES;
				CLANG_WARN_OBJC_IMPLICIT_RETAIN_SELF = YES;
				CLANG_WARN_OBJC_LITERAL_CONVERSION = YES;
				CLANG_WARN_OBJC_ROOT_CLASS = YES_ERROR;
				CLANG_WARN_QUOTED_INCLUDE_IN_FRAMEWORK_HEADER = YES;
				CLANG_WARN_RANGE_LOOP_ANALYSIS = YES;
				CLANG_WARN_STRICT_PROTOTYPES = YES;
				CLANG_WARN_SUSPICIOUS_MOVE = YES;
				CLANG_WARN_UNGUARDED_AVAILABILITY = YES_AGGRESSIVE;
				CLANG_WARN_UNREACHABLE_CODE = YES;
				CLANG_WARN__DUPLICATE_METHOD_MATCH = YES;
				COPY_PHASE_STRIP = NO;
				DEBUG_INFORMATION_FORMAT = dwarf;
				ENABLE_STRICT_OBJC_MSGSEND = YES;
				ENABLE_TESTABILITY = YES;
				GCC_C_LANGUAGE_STANDARD = gnu11;
				GCC_DYNAMIC_NO_PIC = NO;
				GCC_NO_COMMON_BLOCKS = YES;
				GCC_OPTIMIZATION_LEVEL = 0;
				GCC_PREPROCESSOR_DEFINITIONS = (
					"DEBUG=1",
					"$(inherited)",
				);
				GCC_WARN_64_TO_32_BIT_CONVERSION = YES;
				GCC_WARN_ABOUT_RETURN_TYPE = YES_ERROR;
				GCC_WARN_UNDECLARED_SELECTOR = YES;
				GCC_WARN_UNINITIALIZED_AUTOS = YES_AGGRESSIVE;
				GCC_WARN_UNUSED_FUNCTION = YES;
				GCC_WARN_UNUSED_VARIABLE = YES;
				IPHONEOS_DEPLOYMENT_TARGET = 14.1;
				MTL_ENABLE_DEBUG_INFO = INCLUDE_SOURCE;
				MTL_FAST_MATH = YES;
				ONLY_ACTIVE_ARCH = YES;
				SDKROOT = iphoneos;
				SWIFT_ACTIVE_COMPILATION_CONDITIONS = DEBUG;
				SWIFT_OPTIMIZATION_LEVEL = "-Onone";
			};
			name = Debug;
		};
		876BD4A9261170CC00E8F845 /* Release */ = {
			isa = XCBuildConfiguration;
			buildSettings = {
				ALWAYS_SEARCH_USER_PATHS = NO;
				CLANG_ANALYZER_NONNULL = YES;
				CLANG_ANALYZER_NUMBER_OBJECT_CONVERSION = YES_AGGRESSIVE;
				CLANG_CXX_LANGUAGE_STANDARD = "gnu++14";
				CLANG_CXX_LIBRARY = "libc++";
				CLANG_ENABLE_MODULES = YES;
				CLANG_ENABLE_OBJC_ARC = YES;
				CLANG_ENABLE_OBJC_WEAK = YES;
				CLANG_WARN_BLOCK_CAPTURE_AUTORELEASING = YES;
				CLANG_WARN_BOOL_CONVERSION = YES;
				CLANG_WARN_COMMA = YES;
				CLANG_WARN_CONSTANT_CONVERSION = YES;
				CLANG_WARN_DEPRECATED_OBJC_IMPLEMENTATIONS = YES;
				CLANG_WARN_DIRECT_OBJC_ISA_USAGE = YES_ERROR;
				CLANG_WARN_DOCUMENTATION_COMMENTS = YES;
				CLANG_WARN_EMPTY_BODY = YES;
				CLANG_WARN_ENUM_CONVERSION = YES;
				CLANG_WARN_INFINITE_RECURSION = YES;
				CLANG_WARN_INT_CONVERSION = YES;
				CLANG_WARN_NON_LITERAL_NULL_CONVERSION = YES;
				CLANG_WARN_OBJC_IMPLICIT_RETAIN_SELF = YES;
				CLANG_WARN_OBJC_LITERAL_CONVERSION = YES;
				CLANG_WARN_OBJC_ROOT_CLASS = YES_ERROR;
				CLANG_WARN_QUOTED_INCLUDE_IN_FRAMEWORK_HEADER = YES;
				CLANG_WARN_RANGE_LOOP_ANALYSIS = YES;
				CLANG_WARN_STRICT_PROTOTYPES = YES;
				CLANG_WARN_SUSPICIOUS_MOVE = YES;
				CLANG_WARN_UNGUARDED_AVAILABILITY = YES_AGGRESSIVE;
				CLANG_WARN_UNREACHABLE_CODE = YES;
				CLANG_WARN__DUPLICATE_METHOD_MATCH = YES;
				COPY_PHASE_STRIP = NO;
				DEBUG_INFORMATION_FORMAT = "dwarf-with-dsym";
				ENABLE_NS_ASSERTIONS = NO;
				ENABLE_STRICT_OBJC_MSGSEND = YES;
				GCC_C_LANGUAGE_STANDARD = gnu11;
				GCC_NO_COMMON_BLOCKS = YES;
				GCC_WARN_64_TO_32_BIT_CONVERSION = YES;
				GCC_WARN_ABOUT_RETURN_TYPE = YES_ERROR;
				GCC_WARN_UNDECLARED_SELECTOR = YES;
				GCC_WARN_UNINITIALIZED_AUTOS = YES_AGGRESSIVE;
				GCC_WARN_UNUSED_FUNCTION = YES;
				GCC_WARN_UNUSED_VARIABLE = YES;
				IPHONEOS_DEPLOYMENT_TARGET = 14.1;
				MTL_ENABLE_DEBUG_INFO = NO;
				MTL_FAST_MATH = YES;
				SDKROOT = iphoneos;
				SWIFT_COMPILATION_MODE = wholemodule;
				SWIFT_OPTIMIZATION_LEVEL = "-O";
				VALIDATE_PRODUCT = YES;
			};
			name = Release;
		};
		876BD4AB261170CC00E8F845 /* Debug */ = {
			isa = XCBuildConfiguration;
			buildSettings = {
				ASSETCATALOG_COMPILER_APPICON_NAME = AppIcon;
				ASSETCATALOG_COMPILER_GLOBAL_ACCENT_COLOR_NAME = AccentColor;
				CODE_SIGN_STYLE = Automatic;
				DEVELOPMENT_TEAM = WK6NKZ7VPC;
				INFOPLIST_FILE = NumiParisTask/Info.plist;
				LD_RUNPATH_SEARCH_PATHS = (
					"$(inherited)",
					"@executable_path/Frameworks",
				);
				PRODUCT_BUNDLE_IDENTIFIER = com.swapna.NumiParisTask;
				PRODUCT_NAME = "$(TARGET_NAME)";
				SWIFT_VERSION = 5.0;
				TARGETED_DEVICE_FAMILY = "1,2";
			};
			name = Debug;
		};
		876BD4AC261170CC00E8F845 /* Release */ = {
			isa = XCBuildConfiguration;
			buildSettings = {
				ASSETCATALOG_COMPILER_APPICON_NAME = AppIcon;
				ASSETCATALOG_COMPILER_GLOBAL_ACCENT_COLOR_NAME = AccentColor;
				CODE_SIGN_STYLE = Automatic;
				DEVELOPMENT_TEAM = WK6NKZ7VPC;
				INFOPLIST_FILE = NumiParisTask/Info.plist;
				LD_RUNPATH_SEARCH_PATHS = (
					"$(inherited)",
					"@executable_path/Frameworks",
				);
				PRODUCT_BUNDLE_IDENTIFIER = com.swapna.NumiParisTask;
				PRODUCT_NAME = "$(TARGET_NAME)";
				SWIFT_VERSION = 5.0;
				TARGETED_DEVICE_FAMILY = "1,2";
			};
			name = Release;
		};
		876BD4AE261170CC00E8F845 /* Debug */ = {
			isa = XCBuildConfiguration;
			buildSettings = {
				ALWAYS_EMBED_SWIFT_STANDARD_LIBRARIES = YES;
				BUNDLE_LOADER = "$(TEST_HOST)";
				CODE_SIGN_STYLE = Automatic;
				DEVELOPMENT_TEAM = WK6NKZ7VPC;
				INFOPLIST_FILE = NumiParisTaskTests/Info.plist;
				IPHONEOS_DEPLOYMENT_TARGET = 14.1;
				LD_RUNPATH_SEARCH_PATHS = (
					"$(inherited)",
					"@executable_path/Frameworks",
					"@loader_path/Frameworks",
				);
				PRODUCT_BUNDLE_IDENTIFIER = com.swapna.NumiParisTaskTests;
				PRODUCT_NAME = "$(TARGET_NAME)";
				SWIFT_VERSION = 5.0;
				TARGETED_DEVICE_FAMILY = "1,2";
				TEST_HOST = "$(BUILT_PRODUCTS_DIR)/NumiParisTask.app/NumiParisTask";
			};
			name = Debug;
		};
		876BD4AF261170CC00E8F845 /* Release */ = {
			isa = XCBuildConfiguration;
			buildSettings = {
				ALWAYS_EMBED_SWIFT_STANDARD_LIBRARIES = YES;
				BUNDLE_LOADER = "$(TEST_HOST)";
				CODE_SIGN_STYLE = Automatic;
				DEVELOPMENT_TEAM = WK6NKZ7VPC;
				INFOPLIST_FILE = NumiParisTaskTests/Info.plist;
				IPHONEOS_DEPLOYMENT_TARGET = 14.1;
				LD_RUNPATH_SEARCH_PATHS = (
					"$(inherited)",
					"@executable_path/Frameworks",
					"@loader_path/Frameworks",
				);
				PRODUCT_BUNDLE_IDENTIFIER = com.swapna.NumiParisTaskTests;
				PRODUCT_NAME = "$(TARGET_NAME)";
				SWIFT_VERSION = 5.0;
				TARGETED_DEVICE_FAMILY = "1,2";
				TEST_HOST = "$(BUILT_PRODUCTS_DIR)/NumiParisTask.app/NumiParisTask";
			};
			name = Release;
		};
		876BD4B1261170CC00E8F845 /* Debug */ = {
			isa = XCBuildConfiguration;
			buildSettings = {
				ALWAYS_EMBED_SWIFT_STANDARD_LIBRARIES = YES;
				CODE_SIGN_STYLE = Automatic;
				DEVELOPMENT_TEAM = WK6NKZ7VPC;
				INFOPLIST_FILE = NumiParisTaskUITests/Info.plist;
				LD_RUNPATH_SEARCH_PATHS = (
					"$(inherited)",
					"@executable_path/Frameworks",
					"@loader_path/Frameworks",
				);
				PRODUCT_BUNDLE_IDENTIFIER = com.swapna.NumiParisTaskUITests;
				PRODUCT_NAME = "$(TARGET_NAME)";
				SWIFT_VERSION = 5.0;
				TARGETED_DEVICE_FAMILY = "1,2";
				TEST_TARGET_NAME = NumiParisTask;
			};
			name = Debug;
		};
		876BD4B2261170CC00E8F845 /* Release */ = {
			isa = XCBuildConfiguration;
			buildSettings = {
				ALWAYS_EMBED_SWIFT_STANDARD_LIBRARIES = YES;
				CODE_SIGN_STYLE = Automatic;
				DEVELOPMENT_TEAM = WK6NKZ7VPC;
				INFOPLIST_FILE = NumiParisTaskUITests/Info.plist;
				LD_RUNPATH_SEARCH_PATHS = (
					"$(inherited)",
					"@executable_path/Frameworks",
					"@loader_path/Frameworks",
				);
				PRODUCT_BUNDLE_IDENTIFIER = com.swapna.NumiParisTaskUITests;
				PRODUCT_NAME = "$(TARGET_NAME)";
				SWIFT_VERSION = 5.0;
				TARGETED_DEVICE_FAMILY = "1,2";
				TEST_TARGET_NAME = NumiParisTask;
			};
			name = Release;
		};
/* End XCBuildConfiguration section */

/* Begin XCConfigurationList section */
		876BD47B261170C700E8F845 /* Build configuration list for PBXProject "NumiParisTask" */ = {
			isa = XCConfigurationList;
			buildConfigurations = (
				876BD4A8261170CC00E8F845 /* Debug */,
				876BD4A9261170CC00E8F845 /* Release */,
			);
			defaultConfigurationIsVisible = 0;
			defaultConfigurationName = Release;
		};
		876BD4AA261170CC00E8F845 /* Build configuration list for PBXNativeTarget "NumiParisTask" */ = {
			isa = XCConfigurationList;
			buildConfigurations = (
				876BD4AB261170CC00E8F845 /* Debug */,
				876BD4AC261170CC00E8F845 /* Release */,
			);
			defaultConfigurationIsVisible = 0;
			defaultConfigurationName = Release;
		};
		876BD4AD261170CC00E8F845 /* Build configuration list for PBXNativeTarget "NumiParisTaskTests" */ = {
			isa = XCConfigurationList;
			buildConfigurations = (
				876BD4AE261170CC00E8F845 /* Debug */,
				876BD4AF261170CC00E8F845 /* Release */,
			);
			defaultConfigurationIsVisible = 0;
			defaultConfigurationName = Release;
		};
		876BD4B0261170CC00E8F845 /* Build configuration list for PBXNativeTarget "NumiParisTaskUITests" */ = {
			isa = XCConfigurationList;
			buildConfigurations = (
				876BD4B1261170CC00E8F845 /* Debug */,
				876BD4B2261170CC00E8F845 /* Release */,
			);
			defaultConfigurationIsVisible = 0;
			defaultConfigurationName = Release;
		};
/* End XCConfigurationList section */
	};
	rootObject = 876BD478261170C700E8F845 /* Project object */;
}
